
Microsoft Visual Studio Solution File, Format Version 12.00
Project("{FAE04EC0-301F-11D3-BF4B-00C04F79EFBC}") = "Kata1", "Kata1\Kata1.csproj", "{927796DD-9D61-4409-B539-F0B85BC5868A}"
EndProject
Project("{FAE04EC0-301F-11D3-BF4B-00C04F79EFBC}") = "MiniKata1", "MiniKata1\MiniKata1.csproj", "{02F1EA23-FF03-4E4A-96AA-8AD75F9A9370}"
EndProject
Project("{FAE04EC0-301F-11D3-BF4B-00C04F79EFBC}") = "MiniKata2", "MiniKata2\MiniKata2.csproj", "{DA482F15-BE1F-4426-92BE-4165C5522D41}"
EndProject
Project("{FAE04EC0-301F-11D3-BF4B-00C04F79EFBC}") = "MiniKata3", "MiniKata3\MiniKata3.csproj", "{241B9DF8-9828-4DFC-8907-AD6C62EBCD8A}"
EndProject
Project("{FAE04EC0-301F-11D3-BF4B-00C04F79EFBC}") = "Kata2", "Kata2\Kata2.csproj", "{D2C8673B-B979-4FCD-B2FB-859C62312402}"
EndProject
Project("{FAE04EC0-301F-11D3-BF4B-00C04F79EFBC}") = "MiniKata4", "MiniKata4\MiniKata4.csproj", "{5BBC62FB-A6FC-4E8E-940A-78FF287A6CAD}"
EndProject
Project("{FAE04EC0-301F-11D3-BF4B-00C04F79EFBC}") = "Kata3", "Kata3\Kata3.csproj", "{9B16E08A-686C-48C3-A203-10760183B6EE}"
EndProject
Global
	GlobalSection(SolutionConfigurationPlatforms) = preSolution
		Debug|Any CPU = Debug|Any CPU
		Release|Any CPU = Release|Any CPU
	EndGlobalSection
	GlobalSection(ProjectConfigurationPlatforms) = postSolution
		{927796DD-9D61-4409-B539-F0B85BC5868A}.Debug|Any CPU.ActiveCfg = Debug|Any CPU
		{927796DD-9D61-4409-B539-F0B85BC5868A}.Debug|Any CPU.Build.0 = Debug|Any CPU
		{927796DD-9D61-4409-B539-F0B85BC5868A}.Release|Any CPU.ActiveCfg = Release|Any CPU
		{927796DD-9D61-4409-B539-F0B85BC5868A}.Release|Any CPU.Build.0 = Release|Any CPU
		{02F1EA23-FF03-4E4A-96AA-8AD75F9A9370}.Debug|Any CPU.ActiveCfg = Debug|Any CPU
		{02F1EA23-FF03-4E4A-96AA-8AD75F9A9370}.Debug|Any CPU.Build.0 = Debug|Any CPU
		{02F1EA23-FF03-4E4A-96AA-8AD75F9A9370}.Release|Any CPU.ActiveCfg = Release|Any CPU
		{02F1EA23-FF03-4E4A-96AA-8AD75F9A9370}.Release|Any CPU.Build.0 = Release|Any CPU
		{DA482F15-BE1F-4426-92BE-4165C5522D41}.Debug|Any CPU.ActiveCfg = Debug|Any CPU
		{DA482F15-BE1F-4426-92BE-4165C5522D41}.Debug|Any CPU.Build.0 = Debug|Any CPU
		{DA482F15-BE1F-4426-92BE-4165C5522D41}.Release|Any CPU.ActiveCfg = Release|Any CPU
		{DA482F15-BE1F-4426-92BE-4165C5522D41}.Release|Any CPU.Build.0 = Release|Any CPU
		{241B9DF8-9828-4DFC-8907-AD6C62EBCD8A}.Debug|Any CPU.ActiveCfg = Debug|Any CPU
		{241B9DF8-9828-4DFC-8907-AD6C62EBCD8A}.Debug|Any CPU.Build.0 = Debug|Any CPU
		{241B9DF8-9828-4DFC-8907-AD6C62EBCD8A}.Release|Any CPU.ActiveCfg = Release|Any CPU
		{241B9DF8-9828-4DFC-8907-AD6C62EBCD8A}.Release|Any CPU.Build.0 = Release|Any CPU
		{D2C8673B-B979-4FCD-B2FB-859C62312402}.Debug|Any CPU.ActiveCfg = Debug|Any CPU
		{D2C8673B-B979-4FCD-B2FB-859C62312402}.Debug|Any CPU.Build.0 = Debug|Any CPU
		{D2C8673B-B979-4FCD-B2FB-859C62312402}.Release|Any CPU.ActiveCfg = Release|Any CPU
		{D2C8673B-B979-4FCD-B2FB-859C62312402}.Release|Any CPU.Build.0 = Release|Any CPU
		{5BBC62FB-A6FC-4E8E-940A-78FF287A6CAD}.Debug|Any CPU.ActiveCfg = Debug|Any CPU
		{5BBC62FB-A6FC-4E8E-940A-78FF287A6CAD}.Debug|Any CPU.Build.0 = Debug|Any CPU
		{5BBC62FB-A6FC-4E8E-940A-78FF287A6CAD}.Release|Any CPU.ActiveCfg = Release|Any CPU
		{5BBC62FB-A6FC-4E8E-940A-78FF287A6CAD}.Release|Any CPU.Build.0 = Release|Any CPU
		{9B16E08A-686C-48C3-A203-10760183B6EE}.Debug|Any CPU.ActiveCfg = Debug|Any CPU
		{9B16E08A-686C-48C3-A203-10760183B6EE}.Debug|Any CPU.Build.0 = Debug|Any CPU
		{9B16E08A-686C-48C3-A203-10760183B6EE}.Release|Any CPU.ActiveCfg = Release|Any CPU
		{9B16E08A-686C-48C3-A203-10760183B6EE}.Release|Any CPU.Build.0 = Release|Any CPU
	EndGlobalSection
EndGlobal
